Microsoft Visual Studio Solution File, Format Version 12.00
# Visual Studio Version 17
VisualStudioVersion = 17.13.35931.197
MinimumVisualStudioVersion = 10.0.40219.1
Project("{FAE04EC0-301F-11D3-BF4B-00C04F79EFBC}") = "PathPilot_AI_API", "PathPilot_AI_API\PathPilot_AI_API.csproj", "{FECFB902-DC22-4E5F-992F-58AD311D5769}"
EndProject
Global
	GlobalSection(SolutionConfigurationPlatforms) = preSolution
		Debug|Any CPU = Debug|Any CPU
		Release|Any CPU = Release|Any CPU
	EndGlobalSection
	GlobalSection(ProjectConfigurationPlatforms) = postSolution
		{FECFB902-DC22-4E5F-992F-58AD311D5769}.Debug|Any CPU.ActiveCfg = Debug|Any CPU
		{FECFB902-DC22-4E5F-992F-58AD311D5769}.Debug|Any CPU.Build.0 = Debug|Any CPU
		{FECFB902-DC22-4E5F-992F-58AD311D5769}.Release|Any CPU.ActiveCfg = Release|Any CPU
		{FECFB902-DC22-4E5F-992F-58AD311D5769}.Release|Any CPU.Build.0 = Release|Any CPU
	EndGlobalSection
	GlobalSection(SolutionProperties) = preSolution
		HideSolutionNode = FALSE
	EndGlobalSection
	GlobalSection(ExtensibilityGlobals) = postSolution
		SolutionGuid = {CD91198A-0589-4F88-B4C9-C4757F94634F}
	EndGlobalSection
EndGlobal
